
Microsoft Visual Studio Solution File, Format Version 12.00
# Visual Studio Version 16
VisualStudioVersion = 16.0.33529.622
MinimumVisualStudioVersion = 10.0.40219.1
Project("{FAE04EC0-301F-11D3-BF4B-00C04F79EFBC}") = "monkecube", "monkecube\monkecube.csproj", "{32AABA2C-4346-449D-920D-92C950CD1759}"
EndProject
Global
	GlobalSection(SolutionConfigurationPlatforms) = preSolution
		Debug|Any CPU = Debug|Any CPU
		Release|Any CPU = Release|Any CPU
	EndGlobalSection
	GlobalSection(ProjectConfigurationPlatforms) = postSolution
		{32AABA2C-4346-449D-920D-92C950CD1759}.Debug|Any CPU.ActiveCfg = Debug|Any CPU
		{32AABA2C-4346-449D-920D-92C950CD1759}.Debug|Any CPU.Build.0 = Debug|Any CPU
		{32AABA2C-4346-449D-920D-92C950CD1759}.Release|Any CPU.ActiveCfg = Release|Any CPU
		{32AABA2C-4346-449D-920D-92C950CD1759}.Release|Any CPU.Build.0 = Release|Any CPU
	EndGlobalSection
	GlobalSection(SolutionProperties) = preSolution
		HideSolutionNode = FALSE
	EndGlobalSection
	GlobalSection(ExtensibilityGlobals) = postSolution
		SolutionGuid = {E5D22C55-F108-40AF-848E-55A4C18A14A7}
	EndGlobalSection
EndGlobal
